
Microsoft Visual Studio Solution File, Format Version 12.00
# Visual Studio Version 16
VisualStudioVersion = 16.0.31205.134
MinimumVisualStudioVersion = 10.0.40219.1
Project("{9A19103F-16F7-4668-BE54-9A1E7A4F7556}") = "Language", "Language\Language.csproj", "{D20E97E9-7158-44E6-A045-BA67D200CAD6}"
EndProject
Project("{9A19103F-16F7-4668-BE54-9A1E7A4F7556}") = "Language.Tests", "Language.Tests\Language.Tests.csproj", "{8D88A984-1CB1-4533-BC1D-E9827C915F83}"
EndProject
Project("{9A19103F-16F7-4668-BE54-9A1E7A4F7556}") = "Test", "Test\Test.csproj", "{F833FFA2-66E9-45CB-9001-FD03669BF305}"
EndProject
Global
	GlobalSection(SolutionConfigurationPlatforms) = preSolution
		Debug|Any CPU = Debug|Any CPU
		Release|Any CPU = Release|Any CPU
	EndGlobalSection
	GlobalSection(ProjectConfigurationPlatforms) = postSolution
		{D20E97E9-7158-44E6-A045-BA67D200CAD6}.Debug|Any CPU.ActiveCfg = Debug|Any CPU
		{D20E97E9-7158-44E6-A045-BA67D200CAD6}.Debug|Any CPU.Build.0 = Debug|Any CPU
		{D20E97E9-7158-44E6-A045-BA67D200CAD6}.Release|Any CPU.ActiveCfg = Release|Any CPU
		{D20E97E9-7158-44E6-A045-BA67D200CAD6}.Release|Any CPU.Build.0 = Release|Any CPU
		{8D88A984-1CB1-4533-BC1D-E9827C915F83}.Debug|Any CPU.ActiveCfg = Debug|Any CPU
		{8D88A984-1CB1-4533-BC1D-E9827C915F83}.Debug|Any CPU.Build.0 = Debug|Any CPU
		{8D88A984-1CB1-4533-BC1D-E9827C915F83}.Release|Any CPU.ActiveCfg = Release|Any CPU
		{8D88A984-1CB1-4533-BC1D-E9827C915F83}.Release|Any CPU.Build.0 = Release|Any CPU
		{F833FFA2-66E9-45CB-9001-FD03669BF305}.Debug|Any CPU.ActiveCfg = Debug|Any CPU
		{F833FFA2-66E9-45CB-9001-FD03669BF305}.Debug|Any CPU.Build.0 = Debug|Any CPU
		{F833FFA2-66E9-45CB-9001-FD03669BF305}.Release|Any CPU.ActiveCfg = Release|Any CPU
		{F833FFA2-66E9-45CB-9001-FD03669BF305}.Release|Any CPU.Build.0 = Release|Any CPU
	EndGlobalSection
	GlobalSection(SolutionProperties) = preSolution
		HideSolutionNode = FALSE
	EndGlobalSection
	GlobalSection(ExtensibilityGlobals) = postSolution
		SolutionGuid = {C8D80BEE-ECCB-4727-BC13-1C1A47A9F889}
	EndGlobalSection
EndGlobal
